{
    "version": 3,
    "terraform_version": "0.10.2",
    "serial": 43,
    "lineage": "c5b3e3d3-c977-4e2d-bf9b-ef43ad0e03e7",
    "modules": [
        {
            "path": [
                "root"
            ],
            "outputs": {
                "arb_app__001": {
                    "sensitive": false,
                    "type": "string",
                    "value": "54.215.255.50"
                },
                "arb_data__001": {
                    "sensitive": false,
                    "type": "string",
                    "value": "13.56.184.48"
                }
            },
            "resources": {
                "aws_ebs_volume.elasticsearch001": {
                    "type": "aws_ebs_volume",
                    "depends_on": [],
                    "primary": {
                        "id": "vol-0d9f90e879d9e8406",
                        "attributes": {
                            "availability_zone": "us-west-1c",
                            "encrypted": "false",
                            "id": "vol-0d9f90e879d9e8406",
                            "size": "30",
                            "snapshot_id": "",
                            "tags.%": "0",
                            "type": "gp2"
                        },
                        "meta": {},
                        "tainted": false
                    },
                    "deposed": [],
                    "provider": ""
                },
                "aws_instance.arb_app_001": {
                    "type": "aws_instance",
                    "depends_on": [],
                    "primary": {
                        "id": "i-068efa1c9aa907164",
                        "attributes": {
                            "ami": "ami-b2527ad2",
                            "associate_public_ip_address": "true",
                            "availability_zone": "us-west-1c",
                            "disable_api_termination": "false",
                            "ebs_block_device.#": "0",
                            "ebs_optimized": "false",
                            "ephemeral_block_device.#": "0",
                            "iam_instance_profile": "",
                            "id": "i-068efa1c9aa907164",
                            "instance_state": "running",
                            "instance_type": "t2.micro",
                            "ipv6_addresses.#": "0",
                            "key_name": "arb_jin",
                            "monitoring": "false",
                            "network_interface.#": "0",
                            "network_interface_id": "eni-c16612ed",
                            "primary_network_interface_id": "eni-c16612ed",
                            "private_dns": "ip-172-31-21-44.us-west-1.compute.internal",
                            "private_ip": "172.31.21.44",
                            "public_dns": "ec2-54-215-255-50.us-west-1.compute.amazonaws.com",
                            "public_ip": "54.215.255.50",
                            "root_block_device.#": "1",
                            "root_block_device.0.delete_on_termination": "true",
                            "root_block_device.0.iops": "100",
                            "root_block_device.0.volume_size": "10",
                            "root_block_device.0.volume_type": "gp2",
                            "security_groups.#": "1",
                            "security_groups.3379210501": "arb001__internal",
                            "source_dest_check": "true",
                            "subnet_id": "subnet-e6749181",
                            "tags.%": "1",
                            "tags.Name": "app_001",
                            "tenancy": "default",
                            "volume_tags.%": "0",
                            "vpc_security_group_ids.#": "0"
                        },
                        "meta": {
                            "e2bfb730-ecaa-11e6-8f88-34363bc7c4c0": {
                                "create": 600000000000,
                                "delete": 600000000000,
                                "update": 600000000000
                            },
                            "schema_version": "1"
                        },
                        "tainted": false
                    },
                    "deposed": [],
                    "provider": ""
                },
                "aws_instance.arb_data_001": {
                    "type": "aws_instance",
                    "depends_on": [],
                    "primary": {
                        "id": "i-0c6f41d46744c6a02",
                        "attributes": {
                            "ami": "ami-b2527ad2",
                            "associate_public_ip_address": "true",
                            "availability_zone": "us-west-1c",
                            "disable_api_termination": "false",
                            "ebs_block_device.#": "1",
                            "ebs_block_device.3846643179.delete_on_termination": "false",
                            "ebs_block_device.3846643179.device_name": "/dev/xvdh",
                            "ebs_block_device.3846643179.encrypted": "false",
                            "ebs_block_device.3846643179.iops": "100",
                            "ebs_block_device.3846643179.snapshot_id": "",
                            "ebs_block_device.3846643179.volume_size": "30",
                            "ebs_block_device.3846643179.volume_type": "gp2",
                            "ebs_optimized": "false",
                            "ephemeral_block_device.#": "0",
                            "iam_instance_profile": "",
                            "id": "i-0c6f41d46744c6a02",
                            "instance_state": "running",
                            "instance_type": "t2.small",
                            "ipv6_addresses.#": "0",
                            "key_name": "arb_jin",
                            "monitoring": "false",
                            "network_interface.#": "0",
                            "network_interface_id": "eni-5cbacd70",
                            "primary_network_interface_id": "eni-5cbacd70",
                            "private_dns": "ip-172-31-19-60.us-west-1.compute.internal",
                            "private_ip": "172.31.19.60",
                            "public_dns": "ec2-13-56-184-48.us-west-1.compute.amazonaws.com",
                            "public_ip": "13.56.184.48",
                            "root_block_device.#": "1",
                            "root_block_device.0.delete_on_termination": "true",
                            "root_block_device.0.iops": "100",
                            "root_block_device.0.volume_size": "10",
                            "root_block_device.0.volume_type": "gp2",
                            "security_groups.#": "1",
                            "security_groups.3379210501": "arb001__internal",
                            "source_dest_check": "true",
                            "subnet_id": "subnet-e6749181",
                            "tags.%": "1",
                            "tags.Name": "elasticsearch__001",
                            "tenancy": "default",
                            "volume_tags.%": "0",
                            "vpc_security_group_ids.#": "0"
                        },
                        "meta": {
                            "e2bfb730-ecaa-11e6-8f88-34363bc7c4c0": {
                                "create": 600000000000,
                                "delete": 600000000000,
                                "update": 600000000000
                            },
                            "schema_version": "1"
                        },
                        "tainted": false
                    },
                    "deposed": [],
                    "provider": ""
                },
                "aws_volume_attachment.attachment_elaticsearch001": {
                    "type": "aws_volume_attachment",
                    "depends_on": [
                        "aws_ebs_volume.elasticsearch001",
                        "aws_instance.arb_data_001"
                    ],
                    "primary": {
                        "id": "vai-1804528492",
                        "attributes": {
                            "device_name": "/dev/xvdh",
                            "force_detach": "false",
                            "id": "vai-1804528492",
                            "instance_id": "i-0c6f41d46744c6a02",
                            "volume_id": "vol-0d9f90e879d9e8406"
                        },
                        "meta": {},
                        "tainted": false
                    },
                    "deposed": [],
                    "provider": ""
                }
            },
            "depends_on": []
        }
    ]
}
